
Microsoft Visual Studio Solution File, Format Version 12.00
# Visual Studio Version 16
VisualStudioVersion = 16.0.31025.194
MinimumVisualStudioVersion = 10.0.40219.1
Project("{9A19103F-16F7-4668-BE54-9A1E7A4F7556}") = "ByteBank_Examples_Alura_POO", "ByteBank_Examples_Alura_POO\ByteBank_Examples_Alura_POO.csproj", "{FEDDCEE3-A0F0-45CA-86EF-BF907A343BFE}"
EndProject
Global
	GlobalSection(SolutionConfigurationPlatforms) = preSolution
		Debug|Any CPU = Debug|Any CPU
		Release|Any CPU = Release|Any CPU
	EndGlobalSection
	GlobalSection(ProjectConfigurationPlatforms) = postSolution
		{FEDDCEE3-A0F0-45CA-86EF-BF907A343BFE}.Debug|Any CPU.ActiveCfg = Debug|Any CPU
		{FEDDCEE3-A0F0-45CA-86EF-BF907A343BFE}.Debug|Any CPU.Build.0 = Debug|Any CPU
		{FEDDCEE3-A0F0-45CA-86EF-BF907A343BFE}.Release|Any CPU.ActiveCfg = Release|Any CPU
		{FEDDCEE3-A0F0-45CA-86EF-BF907A343BFE}.Release|Any CPU.Build.0 = Release|Any CPU
	EndGlobalSection
	GlobalSection(SolutionProperties) = preSolution
		HideSolutionNode = FALSE
	EndGlobalSection
	GlobalSection(ExtensibilityGlobals) = postSolution
		SolutionGuid = {CAE0C562-BDC3-49EC-B405-1826FBAAF9B5}
	EndGlobalSection
EndGlobal
